
Microsoft Visual Studio Solution File, Format Version 12.00
# Visual Studio Version 17
VisualStudioVersion = 17.14.36408.4 d17.14
MinimumVisualStudioVersion = 10.0.40219.1
Project("{FAE04EC0-301F-11D3-BF4B-00C04F79EFBC}") = "SerieFigonnaci", "SerieFigonnaci\SerieFigonnaci.csproj", "{75BE7E8B-36D7-419C-A230-D1FC1A6BE273}"
EndProject
Project("{FAE04EC0-301F-11D3-BF4B-00C04F79EFBC}") = "WFSerieF", "WFSerieF\WFSerieF.csproj", "{E76DEDE0-0426-4A64-8531-2674F6BD654F}"
EndProject
Global
	GlobalSection(SolutionConfigurationPlatforms) = preSolution
		Debug|Any CPU = Debug|Any CPU
		Release|Any CPU = Release|Any CPU
	EndGlobalSection
	GlobalSection(ProjectConfigurationPlatforms) = postSolution
		{75BE7E8B-36D7-419C-A230-D1FC1A6BE273}.Debug|Any CPU.ActiveCfg = Debug|Any CPU
		{75BE7E8B-36D7-419C-A230-D1FC1A6BE273}.Debug|Any CPU.Build.0 = Debug|Any CPU
		{75BE7E8B-36D7-419C-A230-D1FC1A6BE273}.Release|Any CPU.ActiveCfg = Release|Any CPU
		{75BE7E8B-36D7-419C-A230-D1FC1A6BE273}.Release|Any CPU.Build.0 = Release|Any CPU
		{E76DEDE0-0426-4A64-8531-2674F6BD654F}.Debug|Any CPU.ActiveCfg = Debug|Any CPU
		{E76DEDE0-0426-4A64-8531-2674F6BD654F}.Debug|Any CPU.Build.0 = Debug|Any CPU
		{E76DEDE0-0426-4A64-8531-2674F6BD654F}.Release|Any CPU.ActiveCfg = Release|Any CPU
		{E76DEDE0-0426-4A64-8531-2674F6BD654F}.Release|Any CPU.Build.0 = Release|Any CPU
	EndGlobalSection
	GlobalSection(SolutionProperties) = preSolution
		HideSolutionNode = FALSE
	EndGlobalSection
	GlobalSection(ExtensibilityGlobals) = postSolution
		SolutionGuid = {2F5720E3-3DA0-4CD4-B019-C8C0DDBCEE70}
	EndGlobalSection
EndGlobal
